
Microsoft Visual Studio Solution File, Format Version 12.00
# Visual Studio Version 17
VisualStudioVersion = 17.5.33516.290
MinimumVisualStudioVersion = 10.0.40219.1
Project("{2150E333-8FDC-42A3-9474-1A3956D46DE8}") = "01 Presentacion", "01 Presentacion", "{F65EE0C9-06E8-427B-A9FB-E0B6E4E35E62}"
EndProject
Project("{2150E333-8FDC-42A3-9474-1A3956D46DE8}") = "02 Negocio", "02 Negocio", "{31E81B52-1E7C-4515-8323-F0CE8DE67B0E}"
EndProject
Project("{2150E333-8FDC-42A3-9474-1A3956D46DE8}") = "03 Servicios", "03 Servicios", "{D00B4A98-F991-48AE-B732-247EFA1B6675}"
EndProject
Project("{2150E333-8FDC-42A3-9474-1A3956D46DE8}") = "04 Repositorio", "04 Repositorio", "{D591F76A-A8A7-4D9B-8493-AF01C20EAD6A}"
EndProject
Project("{2150E333-8FDC-42A3-9474-1A3956D46DE8}") = "05 Modelo", "05 Modelo", "{346C9DC7-0683-4994-BFD3-74C80C44B24F}"
EndProject
Project("{2150E333-8FDC-42A3-9474-1A3956D46DE8}") = "06 Util", "06 Util", "{A6845BD7-1357-4018-AD60-179A9C5DF9BD}"
EndProject
Project("{2150E333-8FDC-42A3-9474-1A3956D46DE8}") = "10 Importante", "10 Importante", "{BE6232BF-39E7-49E6-8C97-4123A4E7E25A}"
	ProjectSection(SolutionItems) = preProject
		Apuntes.txt = Apuntes.txt
	EndProjectSection
EndProject
Project("{FAE04EC0-301F-11D3-BF4B-00C04F79EFBC}") = "ASP", "ASP\ASP.csproj", "{87CFD243-0918-470E-8FC5-0C81AE40943C}"
EndProject
Project("{FAE04EC0-301F-11D3-BF4B-00C04F79EFBC}") = "INegocio", "INegocio\INegocio.csproj", "{56352644-858C-4147-ACEF-A4C0C4C6065B}"
EndProject
Project("{FAE04EC0-301F-11D3-BF4B-00C04F79EFBC}") = "Negocio", "Negocio\Negocio.csproj", "{6F58E04C-1122-43EC-9E59-5EA281FA61B4}"
EndProject
Project("{FAE04EC0-301F-11D3-BF4B-00C04F79EFBC}") = "IServicio", "IServicio\IServicio.csproj", "{DA653B60-A2F1-4E49-B27A-84DFF582AC02}"
EndProject
Project("{FAE04EC0-301F-11D3-BF4B-00C04F79EFBC}") = "Servicio", "Servicio\Servicio.csproj", "{35831D7D-2045-4E70-A150-76F93A0DF574}"
EndProject
Project("{FAE04EC0-301F-11D3-BF4B-00C04F79EFBC}") = "IRepositorio", "IRepositorio\IRepositorio.csproj", "{DE37964C-63C2-4246-BC61-FF770EAE8F21}"
EndProject
Project("{FAE04EC0-301F-11D3-BF4B-00C04F79EFBC}") = "Repositorio", "Repositorio\Repositorio.csproj", "{374C5353-F5D3-46B3-B0E5-204FB742719B}"
EndProject
Project("{FAE04EC0-301F-11D3-BF4B-00C04F79EFBC}") = "DBModel", "DBModel\DBModel.csproj", "{F67AE262-84D9-4CD2-9552-08F76E1B8BB4}"
EndProject
Project("{FAE04EC0-301F-11D3-BF4B-00C04F79EFBC}") = "ModelRequesrResponse", "ModelRequesrResponse\ModelRequesrResponse.csproj", "{4E7A3D7B-7A8F-46B2-96F0-35DB92B9F5A8}"
EndProject
Project("{FAE04EC0-301F-11D3-BF4B-00C04F79EFBC}") = "UtilConstans", "UtilConstans\UtilConstans.csproj", "{DB8472D2-9188-44D4-BD2E-FF2EA827253C}"
EndProject
Project("{FAE04EC0-301F-11D3-BF4B-00C04F79EFBC}") = "UtilSeguridad", "UtilSeguridad\UtilSeguridad.csproj", "{13F335DE-344F-40FB-8141-44C650E06175}"
EndProject
Project("{FAE04EC0-301F-11D3-BF4B-00C04F79EFBC}") = "UtilPdf", "UtilPdf\UtilPdf.csproj", "{987C7025-0BBC-49E6-9D00-45C4E3FE50E3}"
EndProject
Project("{FAE04EC0-301F-11D3-BF4B-00C04F79EFBC}") = "API", "API\API.csproj", "{903B41CE-2070-4C20-B03A-0F9EA7D8C6D6}"
EndProject
Project("{FAE04EC0-301F-11D3-BF4B-00C04F79EFBC}") = "Escritorio", "Escritorio\Escritorio.csproj", "{C3488DE8-4C9A-47B5-8CE6-5E0F01DBE4A7}"
EndProject
Project("{FAE04EC0-301F-11D3-BF4B-00C04F79EFBC}") = "UtilInterface", "UtilInterface\UtilInterface.csproj", "{FFE91465-48C1-4A30-9334-F9376C8F5836}"
EndProject
Global
	GlobalSection(SolutionConfigurationPlatforms) = preSolution
		Debug|Any CPU = Debug|Any CPU
		Release|Any CPU = Release|Any CPU
	EndGlobalSection
	GlobalSection(ProjectConfigurationPlatforms) = postSolution
		{87CFD243-0918-470E-8FC5-0C81AE40943C}.Debug|Any CPU.ActiveCfg = Debug|Any CPU
		{87CFD243-0918-470E-8FC5-0C81AE40943C}.Debug|Any CPU.Build.0 = Debug|Any CPU
		{87CFD243-0918-470E-8FC5-0C81AE40943C}.Release|Any CPU.ActiveCfg = Release|Any CPU
		{87CFD243-0918-470E-8FC5-0C81AE40943C}.Release|Any CPU.Build.0 = Release|Any CPU
		{56352644-858C-4147-ACEF-A4C0C4C6065B}.Debug|Any CPU.ActiveCfg = Debug|Any CPU
		{56352644-858C-4147-ACEF-A4C0C4C6065B}.Debug|Any CPU.Build.0 = Debug|Any CPU
		{56352644-858C-4147-ACEF-A4C0C4C6065B}.Release|Any CPU.ActiveCfg = Release|Any CPU
		{56352644-858C-4147-ACEF-A4C0C4C6065B}.Release|Any CPU.Build.0 = Release|Any CPU
		{6F58E04C-1122-43EC-9E59-5EA281FA61B4}.Debug|Any CPU.ActiveCfg = Debug|Any CPU
		{6F58E04C-1122-43EC-9E59-5EA281FA61B4}.Debug|Any CPU.Build.0 = Debug|Any CPU
		{6F58E04C-1122-43EC-9E59-5EA281FA61B4}.Release|Any CPU.ActiveCfg = Release|Any CPU
		{6F58E04C-1122-43EC-9E59-5EA281FA61B4}.Release|Any CPU.Build.0 = Release|Any CPU
		{DA653B60-A2F1-4E49-B27A-84DFF582AC02}.Debug|Any CPU.ActiveCfg = Debug|Any CPU
		{DA653B60-A2F1-4E49-B27A-84DFF582AC02}.Debug|Any CPU.Build.0 = Debug|Any CPU
		{DA653B60-A2F1-4E49-B27A-84DFF582AC02}.Release|Any CPU.ActiveCfg = Release|Any CPU
		{DA653B60-A2F1-4E49-B27A-84DFF582AC02}.Release|Any CPU.Build.0 = Release|Any CPU
		{35831D7D-2045-4E70-A150-76F93A0DF574}.Debug|Any CPU.ActiveCfg = Debug|Any CPU
		{35831D7D-2045-4E70-A150-76F93A0DF574}.Debug|Any CPU.Build.0 = Debug|Any CPU
		{35831D7D-2045-4E70-A150-76F93A0DF574}.Release|Any CPU.ActiveCfg = Release|Any CPU
		{35831D7D-2045-4E70-A150-76F93A0DF574}.Release|Any CPU.Build.0 = Release|Any CPU
		{DE37964C-63C2-4246-BC61-FF770EAE8F21}.Debug|Any CPU.ActiveCfg = Debug|Any CPU
		{DE37964C-63C2-4246-BC61-FF770EAE8F21}.Debug|Any CPU.Build.0 = Debug|Any CPU
		{DE37964C-63C2-4246-BC61-FF770EAE8F21}.Release|Any CPU.ActiveCfg = Release|Any CPU
		{DE37964C-63C2-4246-BC61-FF770EAE8F21}.Release|Any CPU.Build.0 = Release|Any CPU
		{374C5353-F5D3-46B3-B0E5-204FB742719B}.Debug|Any CPU.ActiveCfg = Debug|Any CPU
		{374C5353-F5D3-46B3-B0E5-204FB742719B}.Debug|Any CPU.Build.0 = Debug|Any CPU
		{374C5353-F5D3-46B3-B0E5-204FB742719B}.Release|Any CPU.ActiveCfg = Release|Any CPU
		{374C5353-F5D3-46B3-B0E5-204FB742719B}.Release|Any CPU.Build.0 = Release|Any CPU
		{F67AE262-84D9-4CD2-9552-08F76E1B8BB4}.Debug|Any CPU.ActiveCfg = Debug|Any CPU
		{F67AE262-84D9-4CD2-9552-08F76E1B8BB4}.Debug|Any CPU.Build.0 = Debug|Any CPU
		{F67AE262-84D9-4CD2-9552-08F76E1B8BB4}.Release|Any CPU.ActiveCfg = Release|Any CPU
		{F67AE262-84D9-4CD2-9552-08F76E1B8BB4}.Release|Any CPU.Build.0 = Release|Any CPU
		{4E7A3D7B-7A8F-46B2-96F0-35DB92B9F5A8}.Debug|Any CPU.ActiveCfg = Debug|Any CPU
		{4E7A3D7B-7A8F-46B2-96F0-35DB92B9F5A8}.Debug|Any CPU.Build.0 = Debug|Any CPU
		{4E7A3D7B-7A8F-46B2-96F0-35DB92B9F5A8}.Release|Any CPU.ActiveCfg = Release|Any CPU
		{4E7A3D7B-7A8F-46B2-96F0-35DB92B9F5A8}.Release|Any CPU.Build.0 = Release|Any CPU
		{DB8472D2-9188-44D4-BD2E-FF2EA827253C}.Debug|Any CPU.ActiveCfg = Debug|Any CPU
		{DB8472D2-9188-44D4-BD2E-FF2EA827253C}.Debug|Any CPU.Build.0 = Debug|Any CPU
		{DB8472D2-9188-44D4-BD2E-FF2EA827253C}.Release|Any CPU.ActiveCfg = Release|Any CPU
		{DB8472D2-9188-44D4-BD2E-FF2EA827253C}.Release|Any CPU.Build.0 = Release|Any CPU
		{13F335DE-344F-40FB-8141-44C650E06175}.Debug|Any CPU.ActiveCfg = Debug|Any CPU
		{13F335DE-344F-40FB-8141-44C650E06175}.Debug|Any CPU.Build.0 = Debug|Any CPU
		{13F335DE-344F-40FB-8141-44C650E06175}.Release|Any CPU.ActiveCfg = Release|Any CPU
		{13F335DE-344F-40FB-8141-44C650E06175}.Release|Any CPU.Build.0 = Release|Any CPU
		{987C7025-0BBC-49E6-9D00-45C4E3FE50E3}.Debug|Any CPU.ActiveCfg = Debug|Any CPU
		{987C7025-0BBC-49E6-9D00-45C4E3FE50E3}.Debug|Any CPU.Build.0 = Debug|Any CPU
		{987C7025-0BBC-49E6-9D00-45C4E3FE50E3}.Release|Any CPU.ActiveCfg = Release|Any CPU
		{987C7025-0BBC-49E6-9D00-45C4E3FE50E3}.Release|Any CPU.Build.0 = Release|Any CPU
		{903B41CE-2070-4C20-B03A-0F9EA7D8C6D6}.Debug|Any CPU.ActiveCfg = Debug|Any CPU
		{903B41CE-2070-4C20-B03A-0F9EA7D8C6D6}.Debug|Any CPU.Build.0 = Debug|Any CPU
		{903B41CE-2070-4C20-B03A-0F9EA7D8C6D6}.Release|Any CPU.ActiveCfg = Release|Any CPU
		{903B41CE-2070-4C20-B03A-0F9EA7D8C6D6}.Release|Any CPU.Build.0 = Release|Any CPU
		{C3488DE8-4C9A-47B5-8CE6-5E0F01DBE4A7}.Debug|Any CPU.ActiveCfg = Debug|Any CPU
		{C3488DE8-4C9A-47B5-8CE6-5E0F01DBE4A7}.Debug|Any CPU.Build.0 = Debug|Any CPU
		{C3488DE8-4C9A-47B5-8CE6-5E0F01DBE4A7}.Release|Any CPU.ActiveCfg = Release|Any CPU
		{C3488DE8-4C9A-47B5-8CE6-5E0F01DBE4A7}.Release|Any CPU.Build.0 = Release|Any CPU
		{FFE91465-48C1-4A30-9334-F9376C8F5836}.Debug|Any CPU.ActiveCfg = Debug|Any CPU
		{FFE91465-48C1-4A30-9334-F9376C8F5836}.Debug|Any CPU.Build.0 = Debug|Any CPU
		{FFE91465-48C1-4A30-9334-F9376C8F5836}.Release|Any CPU.ActiveCfg = Release|Any CPU
		{FFE91465-48C1-4A30-9334-F9376C8F5836}.Release|Any CPU.Build.0 = Release|Any CPU
	EndGlobalSection
	GlobalSection(SolutionProperties) = preSolution
		HideSolutionNode = FALSE
	EndGlobalSection
	GlobalSection(NestedProjects) = preSolution
		{87CFD243-0918-470E-8FC5-0C81AE40943C} = {F65EE0C9-06E8-427B-A9FB-E0B6E4E35E62}
		{56352644-858C-4147-ACEF-A4C0C4C6065B} = {31E81B52-1E7C-4515-8323-F0CE8DE67B0E}
		{6F58E04C-1122-43EC-9E59-5EA281FA61B4} = {31E81B52-1E7C-4515-8323-F0CE8DE67B0E}
		{DA653B60-A2F1-4E49-B27A-84DFF582AC02} = {D00B4A98-F991-48AE-B732-247EFA1B6675}
		{35831D7D-2045-4E70-A150-76F93A0DF574} = {D00B4A98-F991-48AE-B732-247EFA1B6675}
		{DE37964C-63C2-4246-BC61-FF770EAE8F21} = {D591F76A-A8A7-4D9B-8493-AF01C20EAD6A}
		{374C5353-F5D3-46B3-B0E5-204FB742719B} = {D591F76A-A8A7-4D9B-8493-AF01C20EAD6A}
		{F67AE262-84D9-4CD2-9552-08F76E1B8BB4} = {346C9DC7-0683-4994-BFD3-74C80C44B24F}
		{4E7A3D7B-7A8F-46B2-96F0-35DB92B9F5A8} = {346C9DC7-0683-4994-BFD3-74C80C44B24F}
		{DB8472D2-9188-44D4-BD2E-FF2EA827253C} = {A6845BD7-1357-4018-AD60-179A9C5DF9BD}
		{13F335DE-344F-40FB-8141-44C650E06175} = {A6845BD7-1357-4018-AD60-179A9C5DF9BD}
		{987C7025-0BBC-49E6-9D00-45C4E3FE50E3} = {A6845BD7-1357-4018-AD60-179A9C5DF9BD}
		{903B41CE-2070-4C20-B03A-0F9EA7D8C6D6} = {F65EE0C9-06E8-427B-A9FB-E0B6E4E35E62}
		{C3488DE8-4C9A-47B5-8CE6-5E0F01DBE4A7} = {F65EE0C9-06E8-427B-A9FB-E0B6E4E35E62}
		{FFE91465-48C1-4A30-9334-F9376C8F5836} = {A6845BD7-1357-4018-AD60-179A9C5DF9BD}
	EndGlobalSection
	GlobalSection(ExtensibilityGlobals) = postSolution
		SolutionGuid = {4C3AF41E-0ED2-45CB-86BE-9DEFBFF12E25}
	EndGlobalSection
EndGlobal
